
Microsoft Visual Studio Solution File, Format Version 12.00
# Visual Studio Version 17
VisualStudioVersion = 17.9.34616.47
MinimumVisualStudioVersion = 10.0.40219.1
Project("{9A19103F-16F7-4668-BE54-9A1E7A4F7556}") = "Loose_Coupling", "Loose_Coupling\Loose_Coupling.csproj", "{445221BA-58F6-4ECB-87A4-B1E166259503}"
EndProject
Project("{9A19103F-16F7-4668-BE54-9A1E7A4F7556}") = "SingleResponsibilityPrinciple", "SingleResponsibilityPrinciple\SingleResponsibilityPrinciple.csproj", "{DB335E3A-C3B5-43D5-A600-45E2636164A6}"
EndProject
Project("{9A19103F-16F7-4668-BE54-9A1E7A4F7556}") = "Open_Closed_Principle", "Open_Closed_Principle\Open_Closed_Principle.csproj", "{D71914A2-908E-4ACA-9568-BC25C2CACC55}"
EndProject
Project("{9A19103F-16F7-4668-BE54-9A1E7A4F7556}") = "Liskov_Substitution_Principle", "Liskov_Substitution_Principle\Liskov_Substitution_Principle.csproj", "{000C579C-5357-4397-AD7B-527DA1E548DC}"
EndProject
Project("{9A19103F-16F7-4668-BE54-9A1E7A4F7556}") = "Interface_Segragation_Principle", "Interface_Segragation_Principle\Interface_Segragation_Principle.csproj", "{88C0C252-38FA-4E66-B2CF-83352EEC2C25}"
EndProject
Project("{FAE04EC0-301F-11D3-BF4B-00C04F79EFBC}") = "Dependency_Inversion_Principle", "Dependency_Inversion_Principle\Dependency_Inversion_Principle.csproj", "{8426D0DD-1CE3-432C-B6FD-4EF2B10260A6}"
EndProject
Global
	GlobalSection(SolutionConfigurationPlatforms) = preSolution
		Debug|Any CPU = Debug|Any CPU
		Release|Any CPU = Release|Any CPU
	EndGlobalSection
	GlobalSection(ProjectConfigurationPlatforms) = postSolution
		{445221BA-58F6-4ECB-87A4-B1E166259503}.Debug|Any CPU.ActiveCfg = Debug|Any CPU
		{445221BA-58F6-4ECB-87A4-B1E166259503}.Debug|Any CPU.Build.0 = Debug|Any CPU
		{445221BA-58F6-4ECB-87A4-B1E166259503}.Release|Any CPU.ActiveCfg = Release|Any CPU
		{445221BA-58F6-4ECB-87A4-B1E166259503}.Release|Any CPU.Build.0 = Release|Any CPU
		{DB335E3A-C3B5-43D5-A600-45E2636164A6}.Debug|Any CPU.ActiveCfg = Debug|Any CPU
		{DB335E3A-C3B5-43D5-A600-45E2636164A6}.Debug|Any CPU.Build.0 = Debug|Any CPU
		{DB335E3A-C3B5-43D5-A600-45E2636164A6}.Release|Any CPU.ActiveCfg = Release|Any CPU
		{DB335E3A-C3B5-43D5-A600-45E2636164A6}.Release|Any CPU.Build.0 = Release|Any CPU
		{D71914A2-908E-4ACA-9568-BC25C2CACC55}.Debug|Any CPU.ActiveCfg = Debug|Any CPU
		{D71914A2-908E-4ACA-9568-BC25C2CACC55}.Debug|Any CPU.Build.0 = Debug|Any CPU
		{D71914A2-908E-4ACA-9568-BC25C2CACC55}.Release|Any CPU.ActiveCfg = Release|Any CPU
		{D71914A2-908E-4ACA-9568-BC25C2CACC55}.Release|Any CPU.Build.0 = Release|Any CPU
		{000C579C-5357-4397-AD7B-527DA1E548DC}.Debug|Any CPU.ActiveCfg = Debug|Any CPU
		{000C579C-5357-4397-AD7B-527DA1E548DC}.Debug|Any CPU.Build.0 = Debug|Any CPU
		{000C579C-5357-4397-AD7B-527DA1E548DC}.Release|Any CPU.ActiveCfg = Release|Any CPU
		{000C579C-5357-4397-AD7B-527DA1E548DC}.Release|Any CPU.Build.0 = Release|Any CPU
		{88C0C252-38FA-4E66-B2CF-83352EEC2C25}.Debug|Any CPU.ActiveCfg = Debug|Any CPU
		{88C0C252-38FA-4E66-B2CF-83352EEC2C25}.Debug|Any CPU.Build.0 = Debug|Any CPU
		{88C0C252-38FA-4E66-B2CF-83352EEC2C25}.Release|Any CPU.ActiveCfg = Release|Any CPU
		{88C0C252-38FA-4E66-B2CF-83352EEC2C25}.Release|Any CPU.Build.0 = Release|Any CPU
		{8426D0DD-1CE3-432C-B6FD-4EF2B10260A6}.Debug|Any CPU.ActiveCfg = Debug|Any CPU
		{8426D0DD-1CE3-432C-B6FD-4EF2B10260A6}.Debug|Any CPU.Build.0 = Debug|Any CPU
		{8426D0DD-1CE3-432C-B6FD-4EF2B10260A6}.Release|Any CPU.ActiveCfg = Release|Any CPU
		{8426D0DD-1CE3-432C-B6FD-4EF2B10260A6}.Release|Any CPU.Build.0 = Release|Any CPU
	EndGlobalSection
	GlobalSection(SolutionProperties) = preSolution
		HideSolutionNode = FALSE
	EndGlobalSection
	GlobalSection(ExtensibilityGlobals) = postSolution
		SolutionGuid = {7C5B7F9C-0AF9-4EB6-A2DB-1188E0B61D48}
	EndGlobalSection
EndGlobal
